// !$*UTF8*$!
{
	archiveVersion = 1;
	classes = {
	};
	objectVersion = 56;
	objects = {

/* Begin PBXBuildFile section */
		A571F2592A7A33040018EA38 /* TaskTrackerApp.swift in Sources */ = {isa = PBXBuildFile; fileRef = A571F2582A7A33040018EA38 /* TaskTrackerApp.swift */; };
		A571F25D2A7A33060018EA38 /* Assets.xcassets in Resources */ = {isa = PBXBuildFile; fileRef = A571F25C2A7A33060018EA38 /* Assets.xcassets */; };
		A571F2602A7A33060018EA38 /* Preview Assets.xcassets in Resources */ = {isa = PBXBuildFile; fileRef = A571F25F2A7A33060018EA38 /* Preview Assets.xcassets */; };
		A571F2622A7A33060018EA38 /* Persistence.swift in Sources */ = {isa = PBXBuildFile; fileRef = A571F2612A7A33060018EA38 /* Persistence.swift */; };
		A571F2652A7A33060018EA38 /* TaskTracker.xcdatamodeld in Sources */ = {isa = PBXBuildFile; fileRef = A571F2632A7A33060018EA38 /* TaskTracker.xcdatamodeld */; };
		A571F26F2A7A34140018EA38 /* TodoViewModel.swift in Sources */ = {isa = PBXBuildFile; fileRef = A571F26E2A7A34140018EA38 /* TodoViewModel.swift */; };
		A571F2712A7A7E830018EA38 /* TodoListView.swift in Sources */ = {isa = PBXBuildFile; fileRef = A571F2702A7A7E830018EA38 /* TodoListView.swift */; };
		A571F2742A7A7FD80018EA38 /* CheckboxToggleStyle.swift in Sources */ = {isa = PBXBuildFile; fileRef = A571F2732A7A7FD80018EA38 /* CheckboxToggleStyle.swift */; };
		A571F2772A7A80C80018EA38 /* DateHelper.swift in Sources */ = {isa = PBXBuildFile; fileRef = A571F2762A7A80C80018EA38 /* DateHelper.swift */; };
		A571F2792A7A81240018EA38 /* DueDateUtility.swift in Sources */ = {isa = PBXBuildFile; fileRef = A571F2782A7A81240018EA38 /* DueDateUtility.swift */; };
		A571F27B2A7A82690018EA38 /* AddTodoView.swift in Sources */ = {isa = PBXBuildFile; fileRef = A571F27A2A7A82690018EA38 /* AddTodoView.swift */; };
		A571F27E2A7A83430018EA38 /* View+Extensions.swift in Sources */ = {isa = PBXBuildFile; fileRef = A571F27D2A7A83430018EA38 /* View+Extensions.swift */; };
		A571F2802A7A87910018EA38 /* EditTodoView.swift in Sources */ = {isa = PBXBuildFile; fileRef = A571F27F2A7A87910018EA38 /* EditTodoView.swift */; };
/* End PBXBuildFile section */

/* Begin PBXFileReference section */
		A571F2552A7A33040018EA38 /* TaskTracker.app */ = {isa = PBXFileReference; explicitFileType = wrapper.application; includeInIndex = 0; path = TaskTracker.app; sourceTree = BUILT_PRODUCTS_DIR; };
		A571F2582A7A33040018EA38 /* TaskTrackerApp.swift */ = {isa = PBXFileReference; lastKnownFileType = sourcecode.swift; path = TaskTrackerApp.swift; sourceTree = "<group>"; };
		A571F25C2A7A33060018EA38 /* Assets.xcassets */ = {isa = PBXFileReference; lastKnownFileType = folder.assetcatalog; path = Assets.xcassets; sourceTree = "<group>"; };
		A571F25F2A7A33060018EA38 /* Preview Assets.xcassets */ = {isa = PBXFileReference; lastKnownFileType = folder.assetcatalog; path = "Preview Assets.xcassets"; sourceTree = "<group>"; };
		A571F2612A7A33060018EA38 /* Persistence.swift */ = {isa = PBXFileReference; lastKnownFileType = sourcecode.swift; path = Persistence.swift; sourceTree = "<group>"; };
		A571F2642A7A33060018EA38 /* TaskTracker.xcdatamodel */ = {isa = PBXFileReference; lastKnownFileType = wrapper.xcdatamodel; path = TaskTracker.xcdatamodel; sourceTree = "<group>"; };
		A571F26E2A7A34140018EA38 /* TodoViewModel.swift */ = {isa = PBXFileReference; lastKnownFileType = sourcecode.swift; path = TodoViewModel.swift; sourceTree = "<group>"; };
		A571F2702A7A7E830018EA38 /* TodoListView.swift */ = {isa = PBXFileReference; lastKnownFileType = sourcecode.swift; path = TodoListView.swift; sourceTree = "<group>"; };
		A571F2732A7A7FD80018EA38 /* CheckboxToggleStyle.swift */ = {isa = PBXFileReference; lastKnownFileType = sourcecode.swift; path = CheckboxToggleStyle.swift; sourceTree = "<group>"; };
		A571F2762A7A80C80018EA38 /* DateHelper.swift */ = {isa = PBXFileReference; lastKnownFileType = sourcecode.swift; path = DateHelper.swift; sourceTree = "<group>"; };
		A571F2782A7A81240018EA38 /* DueDateUtility.swift */ = {isa = PBXFileReference; lastKnownFileType = sourcecode.swift; path = DueDateUtility.swift; sourceTree = "<group>"; };
		A571F27A2A7A82690018EA38 /* AddTodoView.swift */ = {isa = PBXFileReference; lastKnownFileType = sourcecode.swift; path = AddTodoView.swift; sourceTree = "<group>"; };
		A571F27D2A7A83430018EA38 /* View+Extensions.swift */ = {isa = PBXFileReference; lastKnownFileType = sourcecode.swift; path = "View+Extensions.swift"; sourceTree = "<group>"; };
		A571F27F2A7A87910018EA38 /* EditTodoView.swift */ = {isa = PBXFileReference; lastKnownFileType = sourcecode.swift; path = EditTodoView.swift; sourceTree = "<group>"; };
/* End PBXFileReference section */

/* Begin PBXFrameworksBuildPhase section */
		A571F2522A7A33040018EA38 /* Frameworks */ = {
			isa = PBXFrameworksBuildPhase;
			buildActionMask = 2147483647;
			files = (
			);
			runOnlyForDeploymentPostprocessing = 0;
		};
/* End PBXFrameworksBuildPhase section */

/* Begin PBXGroup section */
		A571F24C2A7A33040018EA38 = {
			isa = PBXGroup;
			children = (
				A571F2572A7A33040018EA38 /* TaskTracker */,
				A571F2562A7A33040018EA38 /* Products */,
			);
			sourceTree = "<group>";
		};
		A571F2562A7A33040018EA38 /* Products */ = {
			isa = PBXGroup;
			children = (
				A571F2552A7A33040018EA38 /* TaskTracker.app */,
			);
			name = Products;
			sourceTree = "<group>";
		};
		A571F2572A7A33040018EA38 /* TaskTracker */ = {
			isa = PBXGroup;
			children = (
				A571F27C2A7A83330018EA38 /* Extensions */,
				A571F2752A7A80BD0018EA38 /* Helper */,
				A571F2722A7A7FCC0018EA38 /* Widgets */,
				A571F26D2A7A34090018EA38 /* Data */,
				A571F26C2A7A34040018EA38 /* ViewModel */,
				A571F26B2A7A34000018EA38 /* Views */,
				A571F2582A7A33040018EA38 /* TaskTrackerApp.swift */,
				A571F25C2A7A33060018EA38 /* Assets.xcassets */,
				A571F25E2A7A33060018EA38 /* Preview Content */,
			);
			path = TaskTracker;
			sourceTree = "<group>";
		};
		A571F25E2A7A33060018EA38 /* Preview Content */ = {
			isa = PBXGroup;
			children = (
				A571F25F2A7A33060018EA38 /* Preview Assets.xcassets */,
			);
			path = "Preview Content";
			sourceTree = "<group>";
		};
		A571F26B2A7A34000018EA38 /* Views */ = {
			isa = PBXGroup;
			children = (
				A571F2702A7A7E830018EA38 /* TodoListView.swift */,
				A571F27A2A7A82690018EA38 /* AddTodoView.swift */,
				A571F27F2A7A87910018EA38 /* EditTodoView.swift */,
			);
			path = Views;
			sourceTree = "<group>";
		};
		A571F26C2A7A34040018EA38 /* ViewModel */ = {
			isa = PBXGroup;
			children = (
				A571F26E2A7A34140018EA38 /* TodoViewModel.swift */,
			);
			path = ViewModel;
			sourceTree = "<group>";
		};
		A571F26D2A7A34090018EA38 /* Data */ = {
			isa = PBXGroup;
			children = (
				A571F2612A7A33060018EA38 /* Persistence.swift */,
				A571F2632A7A33060018EA38 /* TaskTracker.xcdatamodeld */,
				A571F2782A7A81240018EA38 /* DueDateUtility.swift */,
			);
			path = Data;
			sourceTree = "<group>";
		};
		A571F2722A7A7FCC0018EA38 /* Widgets */ = {
			isa = PBXGroup;
			children = (
				A571F2732A7A7FD80018EA38 /* CheckboxToggleStyle.swift */,
			);
			path = Widgets;
			sourceTree = "<group>";
		};
		A571F2752A7A80BD0018EA38 /* Helper */ = {
			isa = PBXGroup;
			children = (
				A571F2762A7A80C80018EA38 /* DateHelper.swift */,
			);
			path = Helper;
			sourceTree = "<group>";
		};
		A571F27C2A7A83330018EA38 /* Extensions */ = {
			isa = PBXGroup;
			children = (
				A571F27D2A7A83430018EA38 /* View+Extensions.swift */,
			);
			path = Extensions;
			sourceTree = "<group>";
		};
/* End PBXGroup section */

/* Begin PBXNativeTarget section */
		A571F2542A7A33040018EA38 /* TaskTracker */ = {
			isa = PBXNativeTarget;
			buildConfigurationList = A571F2682A7A33060018EA38 /* Build configuration list for PBXNativeTarget "TaskTracker" */;
			buildPhases = (
				A571F2512A7A33040018EA38 /* Sources */,
				A571F2522A7A33040018EA38 /* Frameworks */,
				A571F2532A7A33040018EA38 /* Resources */,
			);
			buildRules = (
			);
			dependencies = (
			);
			name = TaskTracker;
			productName = TaskTracker;
			productReference = A571F2552A7A33040018EA38 /* TaskTracker.app */;
			productType = "com.apple.product-type.application";
		};
/* End PBXNativeTarget section */

/* Begin PBXProject section */
		A571F24D2A7A33040018EA38 /* Project object */ = {
			isa = PBXProject;
			attributes = {
				BuildIndependentTargetsInParallel = 1;
				LastSwiftUpdateCheck = 1420;
				LastUpgradeCheck = 1420;
				TargetAttributes = {
					A571F2542A7A33040018EA38 = {
						CreatedOnToolsVersion = 14.2;
					};
				};
			};
			buildConfigurationList = A571F2502A7A33040018EA38 /* Build configuration list for PBXProject "TaskTracker" */;
			compatibilityVersion = "Xcode 14.0";
			developmentRegion = en;
			hasScannedForEncodings = 0;
			knownRegions = (
				en,
				Base,
			);
			mainGroup = A571F24C2A7A33040018EA38;
			productRefGroup = A571F2562A7A33040018EA38 /* Products */;
			projectDirPath = "";
			projectRoot = "";
			targets = (
				A571F2542A7A33040018EA38 /* TaskTracker */,
			);
		};
/* End PBXProject section */

/* Begin PBXResourcesBuildPhase section */
		A571F2532A7A33040018EA38 /* Resources */ = {
			isa = PBXResourcesBuildPhase;
			buildActionMask = 2147483647;
			files = (
				A571F2602A7A33060018EA38 /* Preview Assets.xcassets in Resources */,
				A571F25D2A7A33060018EA38 /* Assets.xcassets in Resources */,
			);
			runOnlyForDeploymentPostprocessing = 0;
		};
/* End PBXResourcesBuildPhase section */

/* Begin PBXSourcesBuildPhase section */
		A571F2512A7A33040018EA38 /* Sources */ = {
			isa = PBXSourcesBuildPhase;
			buildActionMask = 2147483647;
			files = (
				A571F26F2A7A34140018EA38 /* TodoViewModel.swift in Sources */,
				A571F2622A7A33060018EA38 /* Persistence.swift in Sources */,
				A571F27B2A7A82690018EA38 /* AddTodoView.swift in Sources */,
				A571F2712A7A7E830018EA38 /* TodoListView.swift in Sources */,
				A571F2592A7A33040018EA38 /* TaskTrackerApp.swift in Sources */,
				A571F2742A7A7FD80018EA38 /* CheckboxToggleStyle.swift in Sources */,
				A571F2772A7A80C80018EA38 /* DateHelper.swift in Sources */,
				A571F2802A7A87910018EA38 /* EditTodoView.swift in Sources */,
				A571F2652A7A33060018EA38 /* TaskTracker.xcdatamodeld in Sources */,
				A571F27E2A7A83430018EA38 /* View+Extensions.swift in Sources */,
				A571F2792A7A81240018EA38 /* DueDateUtility.swift in Sources */,
			);
			runOnlyForDeploymentPostprocessing = 0;
		};
/* End PBXSourcesBuildPhase section */

/* Begin XCBuildConfiguration section */
		A571F2662A7A33060018EA38 /* Debug */ = {
			isa = XCBuildConfiguration;
			buildSettings = {
				ALWAYS_SEARCH_USER_PATHS = NO;
				CLANG_ANALYZER_NONNULL = YES;
				CLANG_ANALYZER_NUMBER_OBJECT_CONVERSION = YES_AGGRESSIVE;
				CLANG_CXX_LANGUAGE_STANDARD = "gnu++20";
				CLANG_ENABLE_MODULES = YES;
				CLANG_ENABLE_OBJC_ARC = YES;
				CLANG_ENABLE_OBJC_WEAK = YES;
				CLANG_WARN_BLOCK_CAPTURE_AUTORELEASING = YES;
				CLANG_WARN_BOOL_CONVERSION = YES;
				CLANG_WARN_COMMA = YES;
				CLANG_WARN_CONSTANT_CONVERSION = YES;
				CLANG_WARN_DEPRECATED_OBJC_IMPLEMENTATIONS = YES;
				CLANG_WARN_DIRECT_OBJC_ISA_USAGE = YES_ERROR;
				CLANG_WARN_DOCUMENTATION_COMMENTS = YES;
				CLANG_WARN_EMPTY_BODY = YES;
				CLANG_WARN_ENUM_CONVERSION = YES;
				CLANG_WARN_INFINITE_RECURSION = YES;
				CLANG_WARN_INT_CONVERSION = YES;
				CLANG_WARN_NON_LITERAL_NULL_CONVERSION = YES;
				CLANG_WARN_OBJC_IMPLICIT_RETAIN_SELF = YES;
				CLANG_WARN_OBJC_LITERAL_CONVERSION = YES;
				CLANG_WARN_OBJC_ROOT_CLASS = YES_ERROR;
				CLANG_WARN_QUOTED_INCLUDE_IN_FRAMEWORK_HEADER = YES;
				CLANG_WARN_RANGE_LOOP_ANALYSIS = YES;
				CLANG_WARN_STRICT_PROTOTYPES = YES;
				CLANG_WARN_SUSPICIOUS_MOVE = YES;
				CLANG_WARN_UNGUARDED_AVAILABILITY = YES_AGGRESSIVE;
				CLANG_WARN_UNREACHABLE_CODE = YES;
				CLANG_WARN__DUPLICATE_METHOD_MATCH = YES;
				COPY_PHASE_STRIP = NO;
				DEBUG_INFORMATION_FORMAT = dwarf;
				ENABLE_STRICT_OBJC_MSGSEND = YES;
				ENABLE_TESTABILITY = YES;
				GCC_C_LANGUAGE_STANDARD = gnu11;
				GCC_DYNAMIC_NO_PIC = NO;
				GCC_NO_COMMON_BLOCKS = YES;
				GCC_OPTIMIZATION_LEVEL = 0;
				GCC_PREPROCESSOR_DEFINITIONS = (
					"DEBUG=1",
					"$(inherited)",
				);
				GCC_WARN_64_TO_32_BIT_CONVERSION = YES;
				GCC_WARN_ABOUT_RETURN_TYPE = YES_ERROR;
				GCC_WARN_UNDECLARED_SELECTOR = YES;
				GCC_WARN_UNINITIALIZED_AUTOS = YES_AGGRESSIVE;
				GCC_WARN_UNUSED_FUNCTION = YES;
				GCC_WARN_UNUSED_VARIABLE = YES;
				IPHONEOS_DEPLOYMENT_TARGET = 16.2;
				MTL_ENABLE_DEBUG_INFO = INCLUDE_SOURCE;
				MTL_FAST_MATH = YES;
				ONLY_ACTIVE_ARCH = YES;
				SDKROOT = iphoneos;
				SWIFT_ACTIVE_COMPILATION_CONDITIONS = DEBUG;
				SWIFT_OPTIMIZATION_LEVEL = "-Onone";
			};
			name = Debug;
		};
		A571F2672A7A33060018EA38 /* Release */ = {
			isa = XCBuildConfiguration;
			buildSettings = {
				ALWAYS_SEARCH_USER_PATHS = NO;
				CLANG_ANALYZER_NONNULL = YES;
				CLANG_ANALYZER_NUMBER_OBJECT_CONVERSION = YES_AGGRESSIVE;
				CLANG_CXX_LANGUAGE_STANDARD = "gnu++20";
				CLANG_ENABLE_MODULES = YES;
				CLANG_ENABLE_OBJC_ARC = YES;
				CLANG_ENABLE_OBJC_WEAK = YES;
				CLANG_WARN_BLOCK_CAPTURE_AUTORELEASING = YES;
				CLANG_WARN_BOOL_CONVERSION = YES;
				CLANG_WARN_COMMA = YES;
				CLANG_WARN_CONSTANT_CONVERSION = YES;
				CLANG_WARN_DEPRECATED_OBJC_IMPLEMENTATIONS = YES;
				CLANG_WARN_DIRECT_OBJC_ISA_USAGE = YES_ERROR;
				CLANG_WARN_DOCUMENTATION_COMMENTS = YES;
				CLANG_WARN_EMPTY_BODY = YES;
				CLANG_WARN_ENUM_CONVERSION = YES;
				CLANG_WARN_INFINITE_RECURSION = YES;
				CLANG_WARN_INT_CONVERSION = YES;
				CLANG_WARN_NON_LITERAL_NULL_CONVERSION = YES;
				CLANG_WARN_OBJC_IMPLICIT_RETAIN_SELF = YES;
				CLANG_WARN_OBJC_LITERAL_CONVERSION = YES;
				CLANG_WARN_OBJC_ROOT_CLASS = YES_ERROR;
				CLANG_WARN_QUOTED_INCLUDE_IN_FRAMEWORK_HEADER = YES;
				CLANG_WARN_RANGE_LOOP_ANALYSIS = YES;
				CLANG_WARN_STRICT_PROTOTYPES = YES;
				CLANG_WARN_SUSPICIOUS_MOVE = YES;
				CLANG_WARN_UNGUARDED_AVAILABILITY = YES_AGGRESSIVE;
				CLANG_WARN_UNREACHABLE_CODE = YES;
				CLANG_WARN__DUPLICATE_METHOD_MATCH = YES;
				COPY_PHASE_STRIP = NO;
				DEBUG_INFORMATION_FORMAT = "dwarf-with-dsym";
				ENABLE_NS_ASSERTIONS = NO;
				ENABLE_STRICT_OBJC_MSGSEND = YES;
				GCC_C_LANGUAGE_STANDARD = gnu11;
				GCC_NO_COMMON_BLOCKS = YES;
				GCC_WARN_64_TO_32_BIT_CONVERSION = YES;
				GCC_WARN_ABOUT_RETURN_TYPE = YES_ERROR;
				GCC_WARN_UNDECLARED_SELECTOR = YES;
				GCC_WARN_UNINITIALIZED_AUTOS = YES_AGGRESSIVE;
				GCC_WARN_UNUSED_FUNCTION = YES;
				GCC_WARN_UNUSED_VARIABLE = YES;
				IPHONEOS_DEPLOYMENT_TARGET = 16.2;
				MTL_ENABLE_DEBUG_INFO = NO;
				MTL_FAST_MATH = YES;
				SDKROOT = iphoneos;
				SWIFT_COMPILATION_MODE = wholemodule;
				SWIFT_OPTIMIZATION_LEVEL = "-O";
				VALIDATE_PRODUCT = YES;
			};
			name = Release;
		};
		A571F2692A7A33060018EA38 /* Debug */ = {
			isa = XCBuildConfiguration;
			buildSettings = {
				ASSETCATALOG_COMPILER_APPICON_NAME = AppIcon;
				ASSETCATALOG_COMPILER_GLOBAL_ACCENT_COLOR_NAME = AccentColor;
				CODE_SIGN_STYLE = Automatic;
				CURRENT_PROJECT_VERSION = 1;
				DEVELOPMENT_ASSET_PATHS = "\"TaskTracker/Preview Content\"";
				DEVELOPMENT_TEAM = 2CJ76CX6G2;
				ENABLE_PREVIEWS = YES;
				GENERATE_INFOPLIST_FILE = YES;
				INFOPLIST_KEY_UIApplicationSceneManifest_Generation = YES;
				INFOPLIST_KEY_UIApplicationSupportsIndirectInputEvents = YES;
				INFOPLIST_KEY_UILaunchScreen_Generation = YES;
				INFOPLIST_KEY_UISupportedInterfaceOrientations_iPad = "UIInterfaceOrientationPortrait UIInterfaceOrientationPortraitUpsideDown UIInterfaceOrientationLandscapeLeft UIInterfaceOrientationLandscapeRight";
				INFOPLIST_KEY_UISupportedInterfaceOrientations_iPhone = "UIInterfaceOrientationPortrait UIInterfaceOrientationLandscapeLeft UIInterfaceOrientationLandscapeRight";
				LD_RUNPATH_SEARCH_PATHS = (
					"$(inherited)",
					"@executable_path/Frameworks",
				);
				MARKETING_VERSION = 1.0;
				PRODUCT_BUNDLE_IDENTIFIER = co.ahmdmau.TaskTracker;
				PRODUCT_NAME = "$(TARGET_NAME)";
				SWIFT_EMIT_LOC_STRINGS = YES;
				SWIFT_VERSION = 5.0;
				TARGETED_DEVICE_FAMILY = "1,2";
			};
			name = Debug;
		};
		A571F26A2A7A33060018EA38 /* Release */ = {
			isa = XCBuildConfiguration;
			buildSettings = {
				ASSETCATALOG_COMPILER_APPICON_NAME = AppIcon;
				ASSETCATALOG_COMPILER_GLOBAL_ACCENT_COLOR_NAME = AccentColor;
				CODE_SIGN_STYLE = Automatic;
				CURRENT_PROJECT_VERSION = 1;
				DEVELOPMENT_ASSET_PATHS = "\"TaskTracker/Preview Content\"";
				DEVELOPMENT_TEAM = 2CJ76CX6G2;
				ENABLE_PREVIEWS = YES;
				GENERATE_INFOPLIST_FILE = YES;
				INFOPLIST_KEY_UIApplicationSceneManifest_Generation = YES;
				INFOPLIST_KEY_UIApplicationSupportsIndirectInputEvents = YES;
				INFOPLIST_KEY_UILaunchScreen_Generation = YES;
				INFOPLIST_KEY_UISupportedInterfaceOrientations_iPad = "UIInterfaceOrientationPortrait UIInterfaceOrientationPortraitUpsideDown UIInterfaceOrientationLandscapeLeft UIInterfaceOrientationLandscapeRight";
				INFOPLIST_KEY_UISupportedInterfaceOrientations_iPhone = "UIInterfaceOrientationPortrait UIInterfaceOrientationLandscapeLeft UIInterfaceOrientationLandscapeRight";
				LD_RUNPATH_SEARCH_PATHS = (
					"$(inherited)",
					"@executable_path/Frameworks",
				);
				MARKETING_VERSION = 1.0;
				PRODUCT_BUNDLE_IDENTIFIER = co.ahmdmau.TaskTracker;
				PRODUCT_NAME = "$(TARGET_NAME)";
				SWIFT_EMIT_LOC_STRINGS = YES;
				SWIFT_VERSION = 5.0;
				TARGETED_DEVICE_FAMILY = "1,2";
			};
			name = Release;
		};
/* End XCBuildConfiguration section */

/* Begin XCConfigurationList section */
		A571F2502A7A33040018EA38 /* Build configuration list for PBXProject "TaskTracker" */ = {
			isa = XCConfigurationList;
			buildConfigurations = (
				A571F2662A7A33060018EA38 /* Debug */,
				A571F2672A7A33060018EA38 /* Release */,
			);
			defaultConfigurationIsVisible = 0;
			defaultConfigurationName = Release;
		};
		A571F2682A7A33060018EA38 /* Build configuration list for PBXNativeTarget "TaskTracker" */ = {
			isa = XCConfigurationList;
			buildConfigurations = (
				A571F2692A7A33060018EA38 /* Debug */,
				A571F26A2A7A33060018EA38 /* Release */,
			);
			defaultConfigurationIsVisible = 0;
			defaultConfigurationName = Release;
		};
/* End XCConfigurationList section */

/* Begin XCVersionGroup section */
		A571F2632A7A33060018EA38 /* TaskTracker.xcdatamodeld */ = {
			isa = XCVersionGroup;
			children = (
				A571F2642A7A33060018EA38 /* TaskTracker.xcdatamodel */,
			);
			currentVersion = A571F2642A7A33060018EA38 /* TaskTracker.xcdatamodel */;
			path = TaskTracker.xcdatamodeld;
			sourceTree = "<group>";
			versionGroupType = wrapper.xcdatamodel;
		};
/* End XCVersionGroup section */
	};
	rootObject = A571F24D2A7A33040018EA38 /* Project object */;
}
